// !$*UTF8*$!
{
	archiveVersion = 1;
	classes = {
	};
	objectVersion = 46;
	objects = {

/* Begin PBXBuildFile section */
		5BAE222719C918C1000CAC8D /* AppDelegate.swift in Sources */ = {isa = PBXBuildFile; fileRef = 5BAE222619C918C1000CAC8D /* AppDelegate.swift */; };
		5BAE222919C918C1000CAC8D /* ViewController.swift in Sources */ = {isa = PBXBuildFile; fileRef = 5BAE222819C918C1000CAC8D /* ViewController.swift */; };
		5BAE222C19C918C1000CAC8D /* Main.storyboard in Resources */ = {isa = PBXBuildFile; fileRef = 5BAE222A19C918C1000CAC8D /* Main.storyboard */; };
		5BAE222E19C918C1000CAC8D /* Images.xcassets in Resources */ = {isa = PBXBuildFile; fileRef = 5BAE222D19C918C1000CAC8D /* Images.xcassets */; };
		5BAE223119C918C1000CAC8D /* LaunchScreen.xib in Resources */ = {isa = PBXBuildFile; fileRef = 5BAE222F19C918C1000CAC8D /* LaunchScreen.xib */; };
		5BAE223D19C918C1000CAC8D /* _9_Red_BalloonsTests.swift in Sources */ = {isa = PBXBuildFile; fileRef = 5BAE223C19C918C1000CAC8D /* _9_Red_BalloonsTests.swift */; };
/* End PBXBuildFile section */

/* Begin PBXContainerItemProxy section */
		5BAE223719C918C1000CAC8D /* PBXContainerItemProxy */ = {
			isa = PBXContainerItemProxy;
			containerPortal = 5BAE221919C918C1000CAC8D /* Project object */;
			proxyType = 1;
			remoteGlobalIDString = 5BAE222019C918C1000CAC8D;
			remoteInfo = "99 Red Balloons";
		};
/* End PBXContainerItemProxy section */

/* Begin PBXFileReference section */
		5BAE222119C918C1000CAC8D /* 99 Red Balloons.app */ = {isa = PBXFileReference; explicitFileType = wrapper.application; includeInIndex = 0; path = "99 Red Balloons.app"; sourceTree = BUILT_PRODUCTS_DIR; };
		5BAE222519C918C1000CAC8D /* Info.plist */ = {isa = PBXFileReference; lastKnownFileType = text.plist.xml; path = Info.plist; sourceTree = "<group>"; };
		5BAE222619C918C1000CAC8D /* AppDelegate.swift */ = {isa = PBXFileReference; lastKnownFileType = sourcecode.swift; path = AppDelegate.swift; sourceTree = "<group>"; };
		5BAE222819C918C1000CAC8D /* ViewController.swift */ = {isa = PBXFileReference; lastKnownFileType = sourcecode.swift; path = ViewController.swift; sourceTree = "<group>"; };
		5BAE222B19C918C1000CAC8D /* Base */ = {isa = PBXFileReference; lastKnownFileType = file.storyboard; name = Base; path = Base.lproj/Main.storyboard; sourceTree = "<group>"; };
		5BAE222D19C918C1000CAC8D /* Images.xcassets */ = {isa = PBXFileReference; lastKnownFileType = folder.assetcatalog; path = Images.xcassets; sourceTree = "<group>"; };
		5BAE223019C918C1000CAC8D /* Base */ = {isa = PBXFileReference; lastKnownFileType = file.xib; name = Base; path = Base.lproj/LaunchScreen.xib; sourceTree = "<group>"; };
		5BAE223619C918C1000CAC8D /* 99 Red BalloonsTests.xctest */ = {isa = PBXFileReference; explicitFileType = wrapper.cfbundle; includeInIndex = 0; path = "99 Red BalloonsTests.xctest"; sourceTree = BUILT_PRODUCTS_DIR; };
		5BAE223B19C918C1000CAC8D /* Info.plist */ = {isa = PBXFileReference; lastKnownFileType = text.plist.xml; path = Info.plist; sourceTree = "<group>"; };
		5BAE223C19C918C1000CAC8D /* _9_Red_BalloonsTests.swift */ = {isa = PBXFileReference; lastKnownFileType = sourcecode.swift; path = _9_Red_BalloonsTests.swift; sourceTree = "<group>"; };
/* End PBXFileReference section */

/* Begin PBXFrameworksBuildPhase section */
		5BAE221E19C918C1000CAC8D /* Frameworks */ = {
			isa = PBXFrameworksBuildPhase;
			buildActionMask = 2147483647;
			files = (
			);
			runOnlyForDeploymentPostprocessing = 0;
		};
		5BAE223319C918C1000CAC8D /* Frameworks */ = {
			isa = PBXFrameworksBuildPhase;
			buildActionMask = 2147483647;
			files = (
			);
			runOnlyForDeploymentPostprocessing = 0;
		};
/* End PBXFrameworksBuildPhase section */

/* Begin PBXGroup section */
		5BAE221819C918C1000CAC8D = {
			isa = PBXGroup;
			children = (
				5BAE222319C918C1000CAC8D /* 99 Red Balloons */,
				5BAE223919C918C1000CAC8D /* 99 Red BalloonsTests */,
				5BAE222219C918C1000CAC8D /* Products */,
			);
			sourceTree = "<group>";
		};
		5BAE222219C918C1000CAC8D /* Products */ = {
			isa = PBXGroup;
			children = (
				5BAE222119C918C1000CAC8D /* 99 Red Balloons.app */,
				5BAE223619C918C1000CAC8D /* 99 Red BalloonsTests.xctest */,
			);
			name = Products;
			sourceTree = "<group>";
		};
		5BAE222319C918C1000CAC8D /* 99 Red Balloons */ = {
			isa = PBXGroup;
			children = (
				5BAE222619C918C1000CAC8D /* AppDelegate.swift */,
				5BAE222819C918C1000CAC8D /* ViewController.swift */,
				5BAE222A19C918C1000CAC8D /* Main.storyboard */,
				5BAE222D19C918C1000CAC8D /* Images.xcassets */,
				5BAE222F19C918C1000CAC8D /* LaunchScreen.xib */,
				5BAE222419C918C1000CAC8D /* Supporting Files */,
			);
			path = "99 Red Balloons";
			sourceTree = "<group>";
		};
		5BAE222419C918C1000CAC8D /* Supporting Files */ = {
			isa = PBXGroup;
			children = (
				5BAE222519C918C1000CAC8D /* Info.plist */,
			);
			name = "Supporting Files";
			sourceTree = "<group>";
		};
		5BAE223919C918C1000CAC8D /* 99 Red BalloonsTests */ = {
			isa = PBXGroup;
			children = (
				5BAE223C19C918C1000CAC8D /* _9_Red_BalloonsTests.swift */,
				5BAE223A19C918C1000CAC8D /* Supporting Files */,
			);
			path = "99 Red BalloonsTests";
			sourceTree = "<group>";
		};
		5BAE223A19C918C1000CAC8D /* Supporting Files */ = {
			isa = PBXGroup;
			children = (
				5BAE223B19C918C1000CAC8D /* Info.plist */,
			);
			name = "Supporting Files";
			sourceTree = "<group>";
		};
/* End PBXGroup section */

/* Begin PBXNativeTarget section */
		5BAE222019C918C1000CAC8D /* 99 Red Balloons */ = {
			isa = PBXNativeTarget;
			buildConfigurationList = 5BAE224019C918C1000CAC8D /* Build configuration list for PBXNativeTarget "99 Red Balloons" */;
			buildPhases = (
				5BAE221D19C918C1000CAC8D /* Sources */,
				5BAE221E19C918C1000CAC8D /* Frameworks */,
				5BAE221F19C918C1000CAC8D /* Resources */,
			);
			buildRules = (
			);
			dependencies = (
			);
			name = "99 Red Balloons";
			productName = "99 Red Balloons";
			productReference = 5BAE222119C918C1000CAC8D /* 99 Red Balloons.app */;
			productType = "com.apple.product-type.application";
		};
		5BAE223519C918C1000CAC8D /* 99 Red BalloonsTests */ = {
			isa = PBXNativeTarget;
			buildConfigurationList = 5BAE224319C918C1000CAC8D /* Build configuration list for PBXNativeTarget "99 Red BalloonsTests" */;
			buildPhases = (
				5BAE223219C918C1000CAC8D /* Sources */,
				5BAE223319C918C1000CAC8D /* Frameworks */,
				5BAE223419C918C1000CAC8D /* Resources */,
			);
			buildRules = (
			);
			dependencies = (
				5BAE223819C918C1000CAC8D /* PBXTargetDependency */,
			);
			name = "99 Red BalloonsTests";
			productName = "99 Red BalloonsTests";
			productReference = 5BAE223619C918C1000CAC8D /* 99 Red BalloonsTests.xctest */;
			productType = "com.apple.product-type.bundle.unit-test";
		};
/* End PBXNativeTarget section */

/* Begin PBXProject section */
		5BAE221919C918C1000CAC8D /* Project object */ = {
			isa = PBXProject;
			attributes = {
				LastUpgradeCheck = 0600;
				ORGANIZATIONNAME = "Arash Sadeghieh Eshtehadi";
				TargetAttributes = {
					5BAE222019C918C1000CAC8D = {
						CreatedOnToolsVersion = 6.0;
					};
					5BAE223519C918C1000CAC8D = {
						CreatedOnToolsVersion = 6.0;
						TestTargetID = 5BAE222019C918C1000CAC8D;
					};
				};
			};
			buildConfigurationList = 5BAE221C19C918C1000CAC8D /* Build configuration list for PBXProject "99 Red Balloons" */;
			compatibilityVersion = "Xcode 3.2";
			developmentRegion = English;
			hasScannedForEncodings = 0;
			knownRegions = (
				en,
				Base,
			);
			mainGroup = 5BAE221819C918C1000CAC8D;
			productRefGroup = 5BAE222219C918C1000CAC8D /* Products */;
			projectDirPath = "";
			projectRoot = "";
			targets = (
				5BAE222019C918C1000CAC8D /* 99 Red Balloons */,
				5BAE223519C918C1000CAC8D /* 99 Red BalloonsTests */,
			);
		};
/* End PBXProject section */

/* Begin PBXResourcesBuildPhase section */
		5BAE221F19C918C1000CAC8D /* Resources */ = {
			isa = PBXResourcesBuildPhase;
			buildActionMask = 2147483647;
			files = (
				5BAE222C19C918C1000CAC8D /* Main.storyboard in Resources */,
				5BAE223119C918C1000CAC8D /* LaunchScreen.xib in Resources */,
				5BAE222E19C918C1000CAC8D /* Images.xcassets in Resources */,
			);
			runOnlyForDeploymentPostprocessing = 0;
		};
		5BAE223419C918C1000CAC8D /* Resources */ = {
			isa = PBXResourcesBuildPhase;
			buildActionMask = 2147483647;
			files = (
			);
			runOnlyForDeploymentPostprocessing = 0;
		};
/* End PBXResourcesBuildPhase section */

/* Begin PBXSourcesBuildPhase section */
		5BAE221D19C918C1000CAC8D /* Sources */ = {
			isa = PBXSourcesBuildPhase;
			buildActionMask = 2147483647;
			files = (
				5BAE222919C918C1000CAC8D /* ViewController.swift in Sources */,
				5BAE222719C918C1000CAC8D /* AppDelegate.swift in Sources */,
			);
			runOnlyForDeploymentPostprocessing = 0;
		};
		5BAE223219C918C1000CAC8D /* Sources */ = {
			isa = PBXSourcesBuildPhase;
			buildActionMask = 2147483647;
			files = (
				5BAE223D19C918C1000CAC8D /* _9_Red_BalloonsTests.swift in Sources */,
			);
			runOnlyForDeploymentPostprocessing = 0;
		};
/* End PBXSourcesBuildPhase section */

/* Begin PBXTargetDependency section */
		5BAE223819C918C1000CAC8D /* PBXTargetDependency */ = {
			isa = PBXTargetDependency;
			target = 5BAE222019C918C1000CAC8D /* 99 Red Balloons */;
			targetProxy = 5BAE223719C918C1000CAC8D /* PBXContainerItemProxy */;
		};
/* End PBXTargetDependency section */

/* Begin PBXVariantGroup section */
		5BAE222A19C918C1000CAC8D /* Main.storyboard */ = {
			isa = PBXVariantGroup;
			children = (
				5BAE222B19C918C1000CAC8D /* Base */,
			);
			name = Main.storyboard;
			sourceTree = "<group>";
		};
		5BAE222F19C918C1000CAC8D /* LaunchScreen.xib */ = {
			isa = PBXVariantGroup;
			children = (
				5BAE223019C918C1000CAC8D /* Base */,
			);
			name = LaunchScreen.xib;
			sourceTree = "<group>";
		};
/* End PBXVariantGroup section */

/* Begin XCBuildConfiguration section */
		5BAE223E19C918C1000CAC8D /* Debug */ = {
			isa = XCBuildConfiguration;
			buildSettings = {
				ALWAYS_SEARCH_USER_PATHS = NO;
				CLANG_CXX_LANGUAGE_STANDARD = "gnu++0x";
				CLANG_CXX_LIBRARY = "libc++";
				CLANG_ENABLE_MODULES = YES;
				CLANG_ENABLE_OBJC_ARC = YES;
				CLANG_WARN_BOOL_CONVERSION = YES;
				CLANG_WARN_CONSTANT_CONVERSION = YES;
				CLANG_WARN_DIRECT_OBJC_ISA_USAGE = YES_ERROR;
				CLANG_WARN_EMPTY_BODY = YES;
				CLANG_WARN_ENUM_CONVERSION = YES;
				CLANG_WARN_INT_CONVERSION = YES;
				CLANG_WARN_OBJC_ROOT_CLASS = YES_ERROR;
				CLANG_WARN_UNREACHABLE_CODE = YES;
				CLANG_WARN__DUPLICATE_METHOD_MATCH = YES;
				"CODE_SIGN_IDENTITY[sdk=iphoneos*]" = "iPhone Developer";
				COPY_PHASE_STRIP = NO;
				ENABLE_STRICT_OBJC_MSGSEND = YES;
				GCC_C_LANGUAGE_STANDARD = gnu99;
				GCC_DYNAMIC_NO_PIC = NO;
				GCC_OPTIMIZATION_LEVEL = 0;
				GCC_PREPROCESSOR_DEFINITIONS = (
					"DEBUG=1",
					"$(inherited)",
				);
				GCC_SYMBOLS_PRIVATE_EXTERN = NO;
				GCC_WARN_64_TO_32_BIT_CONVERSION = YES;
				GCC_WARN_ABOUT_RETURN_TYPE = YES_ERROR;
				GCC_WARN_UNDECLARED_SELECTOR = YES;
				GCC_WARN_UNINITIALIZED_AUTOS = YES_AGGRESSIVE;
				GCC_WARN_UNUSED_FUNCTION = YES;
				GCC_WARN_UNUSED_VARIABLE = YES;
				IPHONEOS_DEPLOYMENT_TARGET = 8.0;
				MTL_ENABLE_DEBUG_INFO = YES;
				ONLY_ACTIVE_ARCH = YES;
				SDKROOT = iphoneos;
				SWIFT_OPTIMIZATION_LEVEL = "-Onone";
			};
			name = Debug;
		};
		5BAE223F19C918C1000CAC8D /* Release */ = {
			isa = XCBuildConfiguration;
			buildSettings = {
				ALWAYS_SEARCH_USER_PATHS = NO;
				CLANG_CXX_LANGUAGE_STANDARD = "gnu++0x";
				CLANG_CXX_LIBRARY = "libc++";
				CLANG_ENABLE_MODULES = YES;
				CLANG_ENABLE_OBJC_ARC = YES;
				CLANG_WARN_BOOL_CONVERSION = YES;
				CLANG_WARN_CONSTANT_CONVERSION = YES;
				CLANG_WARN_DIRECT_OBJC_ISA_USAGE = YES_ERROR;
				CLANG_WARN_EMPTY_BODY = YES;
				CLANG_WARN_ENUM_CONVERSION = YES;
				CLANG_WARN_INT_CONVERSION = YES;
				CLANG_WARN_OBJC_ROOT_CLASS = YES_ERROR;
				CLANG_WARN_UNREACHABLE_CODE = YES;
				CLANG_WARN__DUPLICATE_METHOD_MATCH = YES;
				"CODE_SIGN_IDENTITY[sdk=iphoneos*]" = "iPhone Developer";
				COPY_PHASE_STRIP = YES;
				ENABLE_NS_ASSERTIONS = NO;
				ENABLE_STRICT_OBJC_MSGSEND = YES;
				GCC_C_LANGUAGE_STANDARD = gnu99;
				GCC_WARN_64_TO_32_BIT_CONVERSION = YES;
				GCC_WARN_ABOUT_RETURN_TYPE = YES_ERROR;
				GCC_WARN_UNDECLARED_SELECTOR = YES;
				GCC_WARN_UNINITIALIZED_AUTOS = YES_AGGRESSIVE;
				GCC_WARN_UNUSED_FUNCTION = YES;
				GCC_WARN_UNUSED_VARIABLE = YES;
				IPHONEOS_DEPLOYMENT_TARGET = 8.0;
				MTL_ENABLE_DEBUG_INFO = NO;
				SDKROOT = iphoneos;
				VALIDATE_PRODUCT = YES;
			};
			name = Release;
		};
		5BAE224119C918C1000CAC8D /* Debug */ = {
			isa = XCBuildConfiguration;
			buildSettings = {
				ASSETCATALOG_COMPILER_APPICON_NAME = AppIcon;
				INFOPLIST_FILE = "99 Red Balloons/Info.plist";
				LD_RUNPATH_SEARCH_PATHS = "$(inherited) @executable_path/Frameworks";
				PRODUCT_NAME = "$(TARGET_NAME)";
			};
			name = Debug;
		};
		5BAE224219C918C1000CAC8D /* Release */ = {
			isa = XCBuildConfiguration;
			buildSettings = {
				ASSETCATALOG_COMPILER_APPICON_NAME = AppIcon;
				INFOPLIST_FILE = "99 Red Balloons/Info.plist";
				LD_RUNPATH_SEARCH_PATHS = "$(inherited) @executable_path/Frameworks";
				PRODUCT_NAME = "$(TARGET_NAME)";
			};
			name = Release;
		};
		5BAE224419C918C1000CAC8D /* Debug */ = {
			isa = XCBuildConfiguration;
			buildSettings = {
				BUNDLE_LOADER = "$(TEST_HOST)";
				FRAMEWORK_SEARCH_PATHS = (
					"$(SDKROOT)/Developer/Library/Frameworks",
					"$(inherited)",
				);
				GCC_PREPROCESSOR_DEFINITIONS = (
					"DEBUG=1",
					"$(inherited)",
				);
				INFOPLIST_FILE = "99 Red BalloonsTests/Info.plist";
				LD_RUNPATH_SEARCH_PATHS = "$(inherited) @executable_path/Frameworks @loader_path/Frameworks";
				PRODUCT_NAME = "$(TARGET_NAME)";
				TEST_HOST = "$(BUILT_PRODUCTS_DIR)/99 Red Balloons.app/99 Red Balloons";
			};
			name = Debug;
		};
		5BAE224519C918C1000CAC8D /* Release */ = {
			isa = XCBuildConfiguration;
			buildSettings = {
				BUNDLE_LOADER = "$(TEST_HOST)";
				FRAMEWORK_SEARCH_PATHS = (
					"$(SDKROOT)/Developer/Library/Frameworks",
					"$(inherited)",
				);
				INFOPLIST_FILE = "99 Red BalloonsTests/Info.plist";
				LD_RUNPATH_SEARCH_PATHS = "$(inherited) @executable_path/Frameworks @loader_path/Frameworks";
				PRODUCT_NAME = "$(TARGET_NAME)";
				TEST_HOST = "$(BUILT_PRODUCTS_DIR)/99 Red Balloons.app/99 Red Balloons";
			};
			name = Release;
		};
/* End XCBuildConfiguration section */

/* Begin XCConfigurationList section */
		5BAE221C19C918C1000CAC8D /* Build configuration list for PBXProject "99 Red Balloons" */ = {
			isa = XCConfigurationList;
			buildConfigurations = (
				5BAE223E19C918C1000CAC8D /* Debug */,
				5BAE223F19C918C1000CAC8D /* Release */,
			);
			defaultConfigurationIsVisible = 0;
			defaultConfigurationName = Release;
		};
		5BAE224019C918C1000CAC8D /* Build configuration list for PBXNativeTarget "99 Red Balloons" */ = {
			isa = XCConfigurationList;
			buildConfigurations = (
				5BAE224119C918C1000CAC8D /* Debug */,
				5BAE224219C918C1000CAC8D /* Release */,
			);
			defaultConfigurationIsVisible = 0;
		};
		5BAE224319C918C1000CAC8D /* Build configuration list for PBXNativeTarget "99 Red BalloonsTests" */ = {
			isa = XCConfigurationList;
			buildConfigurations = (
				5BAE224419C918C1000CAC8D /* Debug */,
				5BAE224519C918C1000CAC8D /* Release */,
			);
			defaultConfigurationIsVisible = 0;
		};
/* End XCConfigurationList section */
	};
	rootObject = 5BAE221919C918C1000CAC8D /* Project object */;
}
